
Microsoft Visual Studio Solution File, Format Version 12.00
# Visual Studio 15
VisualStudioVersion = 15.0.26730.12
MinimumVisualStudioVersion = 10.0.40219.1
Project("{FAE04EC0-301F-11D3-BF4B-00C04F79EFBC}") = "Exemplo1", "ProgramacaoDeComputadores1\Exemplo1.csproj", "{FEAC1521-B7E0-45DD-86FE-56C88CE05D6D}"
EndProject
Project("{FAE04EC0-301F-11D3-BF4B-00C04F79EFBC}") = "RelogioXaml", "RelogioXaml\RelogioXaml.csproj", "{A3D8C04A-6BF3-4B3E-8D0F-572C94EF6C5D}"
EndProject
Project("{FAE04EC0-301F-11D3-BF4B-00C04F79EFBC}") = "lanches", "lanches\lanches.csproj", "{98C5B92B-67A1-4CE1-8E2A-6FDC1A901FAE}"
EndProject
Project("{FAE04EC0-301F-11D3-BF4B-00C04F79EFBC}") = "Animacao", "Animacao\Animacao.csproj", "{1B22076C-CDA2-44A0-A663-CFEF4CC381C3}"
EndProject
Project("{FAE04EC0-301F-11D3-BF4B-00C04F79EFBC}") = "ExemploListBox", "ExemploListBox\ExemploListBox.csproj", "{A44C343C-129E-4699-A17E-AFD7DCC0CD59}"
EndProject
Project("{FAE04EC0-301F-11D3-BF4B-00C04F79EFBC}") = "Pizzaria", "Pizzaria\Pizzaria.csproj", "{4CA76F9D-2803-4946-845E-ABCBA48611EA}"
EndProject
Project("{FAE04EC0-301F-11D3-BF4B-00C04F79EFBC}") = "CassinoXaml", "CassinoXaml\CassinoXaml.csproj", "{7A2E3069-99EB-4217-AB4D-5A41B196C68D}"
EndProject
Project("{FAE04EC0-301F-11D3-BF4B-00C04F79EFBC}") = "Testes", "Testes\Testes.csproj", "{E3EBDF42-AED2-409A-BC6E-C19944649B4F}"
EndProject
Project("{FAE04EC0-301F-11D3-BF4B-00C04F79EFBC}") = "QuizXaml", "QuizXaml\QuizXaml.csproj", "{E9C5A86E-E986-4E2B-9EED-9DAFE43296F1}"
EndProject
Project("{FAE04EC0-301F-11D3-BF4B-00C04F79EFBC}") = "TabuadaXaml", "TabuadaXaml\TabuadaXaml.csproj", "{284ADB9F-DFA2-405A-8E29-306082D898D2}"
EndProject
Project("{FAE04EC0-301F-11D3-BF4B-00C04F79EFBC}") = "TesteXaml", "TesteXaml\TesteXaml.csproj", "{4BB720EA-B155-4519-BE5E-8E3765702810}"
EndProject
Project("{FAE04EC0-301F-11D3-BF4B-00C04F79EFBC}") = "ZooXaml", "ZooXaml\ZooXaml.csproj", "{14CFF621-2432-4306-85D1-4CCD815006D3}"
EndProject
Project("{FAE04EC0-301F-11D3-BF4B-00C04F79EFBC}") = "DataBaseAccess", "DataBaseAccess\DataBaseAccess.csproj", "{1978A649-F96B-4772-8AF8-87ECF66EA56E}"
EndProject
Project("{FAE04EC0-301F-11D3-BF4B-00C04F79EFBC}") = "DataBaseAccessTest", "DataBaseAccessTest\DataBaseAccessTest.csproj", "{946413F3-D91F-4E05-9301-B927823DDCA8}"
EndProject
Global
	GlobalSection(SolutionConfigurationPlatforms) = preSolution
		Debug|Any CPU = Debug|Any CPU
		Release|Any CPU = Release|Any CPU
	EndGlobalSection
	GlobalSection(ProjectConfigurationPlatforms) = postSolution
		{FEAC1521-B7E0-45DD-86FE-56C88CE05D6D}.Debug|Any CPU.ActiveCfg = Debug|Any CPU
		{FEAC1521-B7E0-45DD-86FE-56C88CE05D6D}.Debug|Any CPU.Build.0 = Debug|Any CPU
		{FEAC1521-B7E0-45DD-86FE-56C88CE05D6D}.Release|Any CPU.ActiveCfg = Release|Any CPU
		{FEAC1521-B7E0-45DD-86FE-56C88CE05D6D}.Release|Any CPU.Build.0 = Release|Any CPU
		{A3D8C04A-6BF3-4B3E-8D0F-572C94EF6C5D}.Debug|Any CPU.ActiveCfg = Debug|Any CPU
		{A3D8C04A-6BF3-4B3E-8D0F-572C94EF6C5D}.Debug|Any CPU.Build.0 = Debug|Any CPU
		{A3D8C04A-6BF3-4B3E-8D0F-572C94EF6C5D}.Release|Any CPU.ActiveCfg = Release|Any CPU
		{A3D8C04A-6BF3-4B3E-8D0F-572C94EF6C5D}.Release|Any CPU.Build.0 = Release|Any CPU
		{98C5B92B-67A1-4CE1-8E2A-6FDC1A901FAE}.Debug|Any CPU.ActiveCfg = Debug|Any CPU
		{98C5B92B-67A1-4CE1-8E2A-6FDC1A901FAE}.Debug|Any CPU.Build.0 = Debug|Any CPU
		{98C5B92B-67A1-4CE1-8E2A-6FDC1A901FAE}.Release|Any CPU.ActiveCfg = Release|Any CPU
		{98C5B92B-67A1-4CE1-8E2A-6FDC1A901FAE}.Release|Any CPU.Build.0 = Release|Any CPU
		{1B22076C-CDA2-44A0-A663-CFEF4CC381C3}.Debug|Any CPU.ActiveCfg = Debug|Any CPU
		{1B22076C-CDA2-44A0-A663-CFEF4CC381C3}.Debug|Any CPU.Build.0 = Debug|Any CPU
		{1B22076C-CDA2-44A0-A663-CFEF4CC381C3}.Release|Any CPU.ActiveCfg = Release|Any CPU
		{1B22076C-CDA2-44A0-A663-CFEF4CC381C3}.Release|Any CPU.Build.0 = Release|Any CPU
		{A44C343C-129E-4699-A17E-AFD7DCC0CD59}.Debug|Any CPU.ActiveCfg = Debug|Any CPU
		{A44C343C-129E-4699-A17E-AFD7DCC0CD59}.Debug|Any CPU.Build.0 = Debug|Any CPU
		{A44C343C-129E-4699-A17E-AFD7DCC0CD59}.Release|Any CPU.ActiveCfg = Release|Any CPU
		{A44C343C-129E-4699-A17E-AFD7DCC0CD59}.Release|Any CPU.Build.0 = Release|Any CPU
		{4CA76F9D-2803-4946-845E-ABCBA48611EA}.Debug|Any CPU.ActiveCfg = Debug|Any CPU
		{4CA76F9D-2803-4946-845E-ABCBA48611EA}.Debug|Any CPU.Build.0 = Debug|Any CPU
		{4CA76F9D-2803-4946-845E-ABCBA48611EA}.Release|Any CPU.ActiveCfg = Release|Any CPU
		{4CA76F9D-2803-4946-845E-ABCBA48611EA}.Release|Any CPU.Build.0 = Release|Any CPU
		{7A2E3069-99EB-4217-AB4D-5A41B196C68D}.Debug|Any CPU.ActiveCfg = Debug|Any CPU
		{7A2E3069-99EB-4217-AB4D-5A41B196C68D}.Debug|Any CPU.Build.0 = Debug|Any CPU
		{7A2E3069-99EB-4217-AB4D-5A41B196C68D}.Release|Any CPU.ActiveCfg = Release|Any CPU
		{7A2E3069-99EB-4217-AB4D-5A41B196C68D}.Release|Any CPU.Build.0 = Release|Any CPU
		{E3EBDF42-AED2-409A-BC6E-C19944649B4F}.Debug|Any CPU.ActiveCfg = Debug|Any CPU
		{E3EBDF42-AED2-409A-BC6E-C19944649B4F}.Debug|Any CPU.Build.0 = Debug|Any CPU
		{E3EBDF42-AED2-409A-BC6E-C19944649B4F}.Release|Any CPU.ActiveCfg = Release|Any CPU
		{E3EBDF42-AED2-409A-BC6E-C19944649B4F}.Release|Any CPU.Build.0 = Release|Any CPU
		{E9C5A86E-E986-4E2B-9EED-9DAFE43296F1}.Debug|Any CPU.ActiveCfg = Debug|Any CPU
		{E9C5A86E-E986-4E2B-9EED-9DAFE43296F1}.Debug|Any CPU.Build.0 = Debug|Any CPU
		{E9C5A86E-E986-4E2B-9EED-9DAFE43296F1}.Release|Any CPU.ActiveCfg = Release|Any CPU
		{E9C5A86E-E986-4E2B-9EED-9DAFE43296F1}.Release|Any CPU.Build.0 = Release|Any CPU
		{284ADB9F-DFA2-405A-8E29-306082D898D2}.Debug|Any CPU.ActiveCfg = Debug|Any CPU
		{284ADB9F-DFA2-405A-8E29-306082D898D2}.Debug|Any CPU.Build.0 = Debug|Any CPU
		{284ADB9F-DFA2-405A-8E29-306082D898D2}.Release|Any CPU.ActiveCfg = Release|Any CPU
		{284ADB9F-DFA2-405A-8E29-306082D898D2}.Release|Any CPU.Build.0 = Release|Any CPU
		{4BB720EA-B155-4519-BE5E-8E3765702810}.Debug|Any CPU.ActiveCfg = Debug|Any CPU
		{4BB720EA-B155-4519-BE5E-8E3765702810}.Debug|Any CPU.Build.0 = Debug|Any CPU
		{4BB720EA-B155-4519-BE5E-8E3765702810}.Release|Any CPU.ActiveCfg = Release|Any CPU
		{4BB720EA-B155-4519-BE5E-8E3765702810}.Release|Any CPU.Build.0 = Release|Any CPU
		{14CFF621-2432-4306-85D1-4CCD815006D3}.Debug|Any CPU.ActiveCfg = Debug|Any CPU
		{14CFF621-2432-4306-85D1-4CCD815006D3}.Debug|Any CPU.Build.0 = Debug|Any CPU
		{14CFF621-2432-4306-85D1-4CCD815006D3}.Release|Any CPU.ActiveCfg = Release|Any CPU
		{14CFF621-2432-4306-85D1-4CCD815006D3}.Release|Any CPU.Build.0 = Release|Any CPU
		{1978A649-F96B-4772-8AF8-87ECF66EA56E}.Debug|Any CPU.ActiveCfg = Debug|Any CPU
		{1978A649-F96B-4772-8AF8-87ECF66EA56E}.Debug|Any CPU.Build.0 = Debug|Any CPU
		{1978A649-F96B-4772-8AF8-87ECF66EA56E}.Release|Any CPU.ActiveCfg = Release|Any CPU
		{1978A649-F96B-4772-8AF8-87ECF66EA56E}.Release|Any CPU.Build.0 = Release|Any CPU
		{946413F3-D91F-4E05-9301-B927823DDCA8}.Debug|Any CPU.ActiveCfg = Debug|Any CPU
		{946413F3-D91F-4E05-9301-B927823DDCA8}.Debug|Any CPU.Build.0 = Debug|Any CPU
		{946413F3-D91F-4E05-9301-B927823DDCA8}.Release|Any CPU.ActiveCfg = Release|Any CPU
		{946413F3-D91F-4E05-9301-B927823DDCA8}.Release|Any CPU.Build.0 = Release|Any CPU
	EndGlobalSection
	GlobalSection(SolutionProperties) = preSolution
		HideSolutionNode = FALSE
	EndGlobalSection
	GlobalSection(ExtensibilityGlobals) = postSolution
		SolutionGuid = {7F99F5A3-6F39-44AD-A94E-3213E1ADF3DC}
	EndGlobalSection
EndGlobal
